Microsoft Visual Studio Solution File, Format Version 11.00
# Visual Studio 2008

Project("{CC01FC2B-39A7-0E74-9422-47BDF21743ED}") = "ColorChange", "Assembly-CSharp-firstpass.csproj", "{805A448D-9E47-E334-B09B-D51F1E0C9D42}"
EndProject
Project("{CC01FC2B-39A7-0E74-9422-47BDF21743ED}") = "ColorChange", "Assembly-CSharp.csproj", "{FB7D0C17-8A98-32F7-AFE5-55BD2FB02501}"
EndProject
Project("{CC01FC2B-39A7-0E74-9422-47BDF21743ED}") = "ColorChange", "Assembly-CSharp-Editor-firstpass.csproj", "{9C673081-6B94-B06D-EE29-D1440B1E09B8}"
EndProject
Project("{CC01FC2B-39A7-0E74-9422-47BDF21743ED}") = "ColorChange", "Assembly-CSharp-Editor.csproj", "{88131821-C0E1-2083-67C4-F716FD347D7E}"
EndProject
Project("{CC01FC2B-39A7-0E74-9422-47BDF21743ED}") = "ColorChange", "Assembly-UnityScript.unityproj", "{B34E25D3-167C-C716-A635-2E4947FE3880}"
EndProject
Project("{CC01FC2B-39A7-0E74-9422-47BDF21743ED}") = "ColorChange", "Assembly-UnityScript-Editor.unityproj", "{66E43FD1-C2A7-465A-73D2-435F170A0EDA}"
EndProject
Global
	GlobalSection(SolutionConfigurationPlatforms) = preSolution
		Debug|Any CPU = Debug|Any CPU
		Release|Any CPU = Release|Any CPU
	EndGlobalSection
	GlobalSection(ProjectConfigurationPlatforms) = postSolution
		{805A448D-9E47-E334-B09B-D51F1E0C9D42}.Debug|Any CPU.ActiveCfg = Debug|Any CPU
		{805A448D-9E47-E334-B09B-D51F1E0C9D42}.Debug|Any CPU.Build.0 = Debug|Any CPU
		{805A448D-9E47-E334-B09B-D51F1E0C9D42}.Release|Any CPU.ActiveCfg = Release|Any CPU
		{805A448D-9E47-E334-B09B-D51F1E0C9D42}.Release|Any CPU.Build.0 = Release|Any CPU
		{FB7D0C17-8A98-32F7-AFE5-55BD2FB02501}.Debug|Any CPU.ActiveCfg = Debug|Any CPU
		{FB7D0C17-8A98-32F7-AFE5-55BD2FB02501}.Debug|Any CPU.Build.0 = Debug|Any CPU
		{FB7D0C17-8A98-32F7-AFE5-55BD2FB02501}.Release|Any CPU.ActiveCfg = Release|Any CPU
		{FB7D0C17-8A98-32F7-AFE5-55BD2FB02501}.Release|Any CPU.Build.0 = Release|Any CPU
		{9C673081-6B94-B06D-EE29-D1440B1E09B8}.Debug|Any CPU.ActiveCfg = Debug|Any CPU
		{9C673081-6B94-B06D-EE29-D1440B1E09B8}.Debug|Any CPU.Build.0 = Debug|Any CPU
		{9C673081-6B94-B06D-EE29-D1440B1E09B8}.Release|Any CPU.ActiveCfg = Release|Any CPU
		{9C673081-6B94-B06D-EE29-D1440B1E09B8}.Release|Any CPU.Build.0 = Release|Any CPU
		{88131821-C0E1-2083-67C4-F716FD347D7E}.Debug|Any CPU.ActiveCfg = Debug|Any CPU
		{88131821-C0E1-2083-67C4-F716FD347D7E}.Debug|Any CPU.Build.0 = Debug|Any CPU
		{88131821-C0E1-2083-67C4-F716FD347D7E}.Release|Any CPU.ActiveCfg = Release|Any CPU
		{88131821-C0E1-2083-67C4-F716FD347D7E}.Release|Any CPU.Build.0 = Release|Any CPU
		{B34E25D3-167C-C716-A635-2E4947FE3880}.Debug|Any CPU.ActiveCfg = Debug|Any CPU
		{B34E25D3-167C-C716-A635-2E4947FE3880}.Debug|Any CPU.Build.0 = Debug|Any CPU
		{B34E25D3-167C-C716-A635-2E4947FE3880}.Release|Any CPU.ActiveCfg = Release|Any CPU
		{B34E25D3-167C-C716-A635-2E4947FE3880}.Release|Any CPU.Build.0 = Release|Any CPU
		{66E43FD1-C2A7-465A-73D2-435F170A0EDA}.Debug|Any CPU.ActiveCfg = Debug|Any CPU
		{66E43FD1-C2A7-465A-73D2-435F170A0EDA}.Debug|Any CPU.Build.0 = Debug|Any CPU
		{66E43FD1-C2A7-465A-73D2-435F170A0EDA}.Release|Any CPU.ActiveCfg = Release|Any CPU
		{66E43FD1-C2A7-465A-73D2-435F170A0EDA}.Release|Any CPU.Build.0 = Release|Any CPU
	EndGlobalSection
	GlobalSection(SolutionProperties) = preSolution
		HideSolutionNode = FALSE
	EndGlobalSection
	GlobalSection(MonoDevelopProperties) = preSolution
		StartupItem = Assembly-CSharp.csproj
	EndGlobalSection
EndGlobal
